
Microsoft Visual Studio Solution File, Format Version 12.00
# Visual Studio Version 17
VisualStudioVersion = 17.14.36518.9 d17.14
MinimumVisualStudioVersion = 10.0.40219.1
Project("{FAE04EC0-301F-11D3-BF4B-00C04F79EFBC}") = "CinemaTicket", "CinemaTicket\CinemaTicket.csproj", "{28D73FCD-EE8D-4214-ACC9-D3342DB68452}"
EndProject
Global
	GlobalSection(SolutionConfigurationPlatforms) = preSolution
		Debug|Any CPU = Debug|Any CPU
		Release|Any CPU = Release|Any CPU
	EndGlobalSection
	GlobalSection(ProjectConfigurationPlatforms) = postSolution
		{28D73FCD-EE8D-4214-ACC9-D3342DB68452}.Debug|Any CPU.ActiveCfg = Debug|Any CPU
		{28D73FCD-EE8D-4214-ACC9-D3342DB68452}.Debug|Any CPU.Build.0 = Debug|Any CPU
		{28D73FCD-EE8D-4214-ACC9-D3342DB68452}.Release|Any CPU.ActiveCfg = Release|Any CPU
		{28D73FCD-EE8D-4214-ACC9-D3342DB68452}.Release|Any CPU.Build.0 = Release|Any CPU
	EndGlobalSection
	GlobalSection(SolutionProperties) = preSolution
		HideSolutionNode = FALSE
	EndGlobalSection
	GlobalSection(ExtensibilityGlobals) = postSolution
		SolutionGuid = {2868D8DB-685F-4157-8DAF-FFF29441BA33}
	EndGlobalSection
EndGlobal
